
Microsoft Visual Studio Solution File, Format Version 12.00
# Visual Studio 14
VisualStudioVersion = 14.0.25420.1
MinimumVisualStudioVersion = 10.0.40219.1
Project("{FAE04EC0-301F-11D3-BF4B-00C04F79EFBC}") = "Fashion", "Fashion\Fashion.csproj", "{06723C00-0DFB-4C0B-B278-38B5DA986A17}"
EndProject
Project("{FAE04EC0-301F-11D3-BF4B-00C04F79EFBC}") = "MyDb", "MyDb\MyDb.csproj", "{2F162DA8-4AB7-4BA5-8DA7-87E4F5528A03}"
EndProject
Project("{FAE04EC0-301F-11D3-BF4B-00C04F79EFBC}") = "Application", "Application\Application.csproj", "{E06F19D1-1BC5-456D-95E1-1670BF15C277}"
EndProject
Global
	GlobalSection(SolutionConfigurationPlatforms) = preSolution
		Debug|Any CPU = Debug|Any CPU
		Release|Any CPU = Release|Any CPU
	EndGlobalSection
	GlobalSection(ProjectConfigurationPlatforms) = postSolution
		{06723C00-0DFB-4C0B-B278-38B5DA986A17}.Debug|Any CPU.ActiveCfg = Debug|Any CPU
		{06723C00-0DFB-4C0B-B278-38B5DA986A17}.Debug|Any CPU.Build.0 = Debug|Any CPU
		{06723C00-0DFB-4C0B-B278-38B5DA986A17}.Release|Any CPU.ActiveCfg = Release|Any CPU
		{06723C00-0DFB-4C0B-B278-38B5DA986A17}.Release|Any CPU.Build.0 = Release|Any CPU
		{2F162DA8-4AB7-4BA5-8DA7-87E4F5528A03}.Debug|Any CPU.ActiveCfg = Debug|Any CPU
		{2F162DA8-4AB7-4BA5-8DA7-87E4F5528A03}.Debug|Any CPU.Build.0 = Debug|Any CPU
		{2F162DA8-4AB7-4BA5-8DA7-87E4F5528A03}.Release|Any CPU.ActiveCfg = Release|Any CPU
		{2F162DA8-4AB7-4BA5-8DA7-87E4F5528A03}.Release|Any CPU.Build.0 = Release|Any CPU
		{E06F19D1-1BC5-456D-95E1-1670BF15C277}.Debug|Any CPU.ActiveCfg = Debug|Any CPU
		{E06F19D1-1BC5-456D-95E1-1670BF15C277}.Debug|Any CPU.Build.0 = Debug|Any CPU
		{E06F19D1-1BC5-456D-95E1-1670BF15C277}.Release|Any CPU.ActiveCfg = Release|Any CPU
		{E06F19D1-1BC5-456D-95E1-1670BF15C277}.Release|Any CPU.Build.0 = Release|Any CPU
	EndGlobalSection
	GlobalSection(SolutionProperties) = preSolution
		HideSolutionNode = FALSE
	EndGlobalSection
EndGlobal
